
Microsoft Visual Studio Solution File, Format Version 12.00
# Visual Studio 15
VisualStudioVersion = 15.0.27004.2002
MinimumVisualStudioVersion = 10.0.40219.1
Project("{FAE04EC0-301F-11D3-BF4B-00C04F79EFBC}") = "GiftList", "GiftList\GiftList.csproj", "{A1E20DA7-B2E6-400A-B4B2-0B016E9A8B68}"
EndProject
Project("{FAE04EC0-301F-11D3-BF4B-00C04F79EFBC}") = "GiftList.Service", "GiftList.Service\GiftList.Service.csproj", "{DC9D5C68-157E-42BD-86B6-F6B118EA7C9B}"
EndProject
Project("{FAE04EC0-301F-11D3-BF4B-00C04F79EFBC}") = "GiftList.DTO", "GiftList.DTO\GiftList.DTO.csproj", "{17661348-CB06-4BD3-991C-0E0C7E26D13D}"
EndProject
Project("{FAE04EC0-301F-11D3-BF4B-00C04F79EFBC}") = "GiftList.Domain", "GiftList.Domain\GiftList.Domain.csproj", "{425CF321-C064-496D-8267-31A2AF563424}"
EndProject
Project("{FAE04EC0-301F-11D3-BF4B-00C04F79EFBC}") = "GiftList.Data", "GiftList.Data\GiftList.Data.csproj", "{6D1F28BD-95A3-4D1C-A680-16BA7C1529D9}"
EndProject
Global
	GlobalSection(SolutionConfigurationPlatforms) = preSolution
		Debug|Any CPU = Debug|Any CPU
		Release|Any CPU = Release|Any CPU
	EndGlobalSection
	GlobalSection(ProjectConfigurationPlatforms) = postSolution
		{A1E20DA7-B2E6-400A-B4B2-0B016E9A8B68}.Debug|Any CPU.ActiveCfg = Debug|Any CPU
		{A1E20DA7-B2E6-400A-B4B2-0B016E9A8B68}.Debug|Any CPU.Build.0 = Debug|Any CPU
		{A1E20DA7-B2E6-400A-B4B2-0B016E9A8B68}.Release|Any CPU.ActiveCfg = Release|Any CPU
		{A1E20DA7-B2E6-400A-B4B2-0B016E9A8B68}.Release|Any CPU.Build.0 = Release|Any CPU
		{DC9D5C68-157E-42BD-86B6-F6B118EA7C9B}.Debug|Any CPU.ActiveCfg = Debug|Any CPU
		{DC9D5C68-157E-42BD-86B6-F6B118EA7C9B}.Debug|Any CPU.Build.0 = Debug|Any CPU
		{DC9D5C68-157E-42BD-86B6-F6B118EA7C9B}.Release|Any CPU.ActiveCfg = Release|Any CPU
		{DC9D5C68-157E-42BD-86B6-F6B118EA7C9B}.Release|Any CPU.Build.0 = Release|Any CPU
		{17661348-CB06-4BD3-991C-0E0C7E26D13D}.Debug|Any CPU.ActiveCfg = Debug|Any CPU
		{17661348-CB06-4BD3-991C-0E0C7E26D13D}.Debug|Any CPU.Build.0 = Debug|Any CPU
		{17661348-CB06-4BD3-991C-0E0C7E26D13D}.Release|Any CPU.ActiveCfg = Release|Any CPU
		{17661348-CB06-4BD3-991C-0E0C7E26D13D}.Release|Any CPU.Build.0 = Release|Any CPU
		{425CF321-C064-496D-8267-31A2AF563424}.Debug|Any CPU.ActiveCfg = Debug|Any CPU
		{425CF321-C064-496D-8267-31A2AF563424}.Debug|Any CPU.Build.0 = Debug|Any CPU
		{425CF321-C064-496D-8267-31A2AF563424}.Release|Any CPU.ActiveCfg = Release|Any CPU
		{425CF321-C064-496D-8267-31A2AF563424}.Release|Any CPU.Build.0 = Release|Any CPU
		{6D1F28BD-95A3-4D1C-A680-16BA7C1529D9}.Debug|Any CPU.ActiveCfg = Debug|Any CPU
		{6D1F28BD-95A3-4D1C-A680-16BA7C1529D9}.Debug|Any CPU.Build.0 = Debug|Any CPU
		{6D1F28BD-95A3-4D1C-A680-16BA7C1529D9}.Release|Any CPU.ActiveCfg = Release|Any CPU
		{6D1F28BD-95A3-4D1C-A680-16BA7C1529D9}.Release|Any CPU.Build.0 = Release|Any CPU
	EndGlobalSection
	GlobalSection(SolutionProperties) = preSolution
		HideSolutionNode = FALSE
	EndGlobalSection
	GlobalSection(ExtensibilityGlobals) = postSolution
		SolutionGuid = {F50182F9-BCAD-4FB7-92DA-EEA818F4BAB3}
	EndGlobalSection
EndGlobal
